
Microsoft Visual Studio Solution File, Format Version 12.00
# Visual Studio 15
VisualStudioVersion = 15.0.34729.27
MinimumVisualStudioVersion = 10.0.40219.1
Project("{FAE04EC0-301F-11D3-BF4B-00C04F79EFBC}") = "HPS", "HPS\HPS.csproj", "{DDAF64E6-6806-47C4-87BE-89BB848BC277}"
EndProject
Global
	GlobalSection(SolutionConfigurationPlatforms) = preSolution
		Debug|Any CPU = Debug|Any CPU
		Release|Any CPU = Release|Any CPU
	EndGlobalSection
	GlobalSection(ProjectConfigurationPlatforms) = postSolution
		{DDAF64E6-6806-47C4-87BE-89BB848BC277}.Debug|Any CPU.ActiveCfg = Debug|Any CPU
		{DDAF64E6-6806-47C4-87BE-89BB848BC277}.Debug|Any CPU.Build.0 = Debug|Any CPU
		{DDAF64E6-6806-47C4-87BE-89BB848BC277}.Release|Any CPU.ActiveCfg = Release|Any CPU
		{DDAF64E6-6806-47C4-87BE-89BB848BC277}.Release|Any CPU.Build.0 = Release|Any CPU
	EndGlobalSection
	GlobalSection(SolutionProperties) = preSolution
		HideSolutionNode = FALSE
	EndGlobalSection
	GlobalSection(ExtensibilityGlobals) = postSolution
		SolutionGuid = {A65D54DA-001C-4E54-990B-9F0035B1A61E}
	EndGlobalSection
EndGlobal
